
Microsoft Visual Studio Solution File, Format Version 12.00
# Visual Studio 15
VisualStudioVersion = 15.0.28307.329
MinimumVisualStudioVersion = 10.0.40219.1
Project("{FAE04EC0-301F-11D3-BF4B-00C04F79EFBC}") = "Rest", "Rest\Rest.csproj", "{1B6B3EA2-A2AF-460F-A05A-52211E695F86}"
EndProject
Project("{FAE04EC0-301F-11D3-BF4B-00C04F79EFBC}") = "hola", "hola\hola.csproj", "{1D29B2EE-3D9D-4C16-9879-5AAB509F0C99}"
EndProject
Global
	GlobalSection(SolutionConfigurationPlatforms) = preSolution
		Debug|Any CPU = Debug|Any CPU
		Release|Any CPU = Release|Any CPU
	EndGlobalSection
	GlobalSection(ProjectConfigurationPlatforms) = postSolution
		{1B6B3EA2-A2AF-460F-A05A-52211E695F86}.Debug|Any CPU.ActiveCfg = Debug|Any CPU
		{1B6B3EA2-A2AF-460F-A05A-52211E695F86}.Debug|Any CPU.Build.0 = Debug|Any CPU
		{1B6B3EA2-A2AF-460F-A05A-52211E695F86}.Release|Any CPU.ActiveCfg = Release|Any CPU
		{1B6B3EA2-A2AF-460F-A05A-52211E695F86}.Release|Any CPU.Build.0 = Release|Any CPU
		{1D29B2EE-3D9D-4C16-9879-5AAB509F0C99}.Debug|Any CPU.ActiveCfg = Debug|Any CPU
		{1D29B2EE-3D9D-4C16-9879-5AAB509F0C99}.Debug|Any CPU.Build.0 = Debug|Any CPU
		{1D29B2EE-3D9D-4C16-9879-5AAB509F0C99}.Release|Any CPU.ActiveCfg = Release|Any CPU
		{1D29B2EE-3D9D-4C16-9879-5AAB509F0C99}.Release|Any CPU.Build.0 = Release|Any CPU
	EndGlobalSection
	GlobalSection(SolutionProperties) = preSolution
		HideSolutionNode = FALSE
	EndGlobalSection
	GlobalSection(ExtensibilityGlobals) = postSolution
		SolutionGuid = {F1ED8B79-FEC6-41AA-8CFD-4B69C3B5E47B}
	EndGlobalSection
EndGlobal
